
Microsoft Visual Studio Solution File, Format Version 12.00
# Visual Studio 15
VisualStudioVersion = 15.0.28307.1169
MinimumVisualStudioVersion = 10.0.40219.1
Project("{159641D6-6404-4A2A-AE62-294DE0FE8301}") = "Test_GMS_Rules", "Test_GMS_Rules\Test_GMS_Rules.dtproj", "{4B29B29D-A6DD-487C-819D-8F225CCA6C6D}"
EndProject
Global
	GlobalSection(SolutionConfigurationPlatforms) = preSolution
		Development|Default = Development|Default
	EndGlobalSection
	GlobalSection(ProjectConfigurationPlatforms) = postSolution
		{4B29B29D-A6DD-487C-819D-8F225CCA6C6D}.Development|Default.ActiveCfg = Development
		{4B29B29D-A6DD-487C-819D-8F225CCA6C6D}.Development|Default.Build.0 = Development
	EndGlobalSection
	GlobalSection(SolutionProperties) = preSolution
		HideSolutionNode = FALSE
	EndGlobalSection
	GlobalSection(ExtensibilityGlobals) = postSolution
		SolutionGuid = {A327E41B-1749-4219-87F2-50FC2FCBEE8C}
	EndGlobalSection
EndGlobal
